{
  "name": "example",
  "lockfileVersion": 3,
  "requires": true,
  "packages": {
    "": {
      "dependencies": {
        "parvis": ".."
      }
    },
    "..": {
      "version": "0.0.2",
      "license": "MIT",
      "dependencies": {
        "dot-tree-syntax": "^1.0.0",
        "html-tag-types": "^0.0.1"
      },
      "devDependencies": {
        "vite": "^4.2.1",
        "vite-plugin-dts": "^2.3.0"
      }
    },
    "node_modules/parvis": {
      "resolved": "..",
      "link": true
    }
  }
}
